{
	"name": "@blendsdk/extensions",
	"version": "0.0.7",
	"lockfileVersion": 1,
	"requires": true,
	"dependencies": {
		"@blendsdk/extensions": {
			"version": "0.0.8",
			"resolved": "http://pak.truesoftware.net/@blendsdk%2fextensions/-/extensions-0.0.8.tgz",
			"integrity": "sha512-HfPopQx+Fwp9RJ/Q2zDHSVByttyhNtTEwomtvlh9S2jR9zk83w1r0GJc1Od4xVlT79O18CC7rpFEmmQvEQtvrA=="
		}
	}
}
