{
    "name": "@blendsdk/blendrunner",
    "version": "0.0.9",
    "lockfileVersion": 1,
    "requires": true,
    "dependencies": {
        "@types/html2canvas": {
            "version": "0.0.35",
            "resolved": "http://pak.truesoftware.net/@types%2fhtml2canvas/-/html2canvas-0.0.35.tgz",
            "integrity": "sha512-28p0/yNwXnvGWQK3rEIBj7NHNQoBXuX0ymcCNjSYR/i0Vk9z+xrKCQZPvsrEmurx9vs4B/eHGbOaJY/a9CXdSg==",
            "dev": true,
            "requires": {
                "@types/jquery": "*"
            }
        },
        "@types/jquery": {
            "version": "3.3.25",
            "resolved": "http://pak.truesoftware.net/@types%2fjquery/-/jquery-3.3.25.tgz",
            "integrity": "sha512-Xxfv7dDRtylyuOpDUODi7bWEmoslhUVZqeA/8R52rysEgMdU6y2CkjiiW0/wyccSBQ0jdZyLoal8M7BFlGNgWg==",
            "dev": true,
            "requires": {
                "@types/sizzle": "*"
            }
        },
        "@types/sizzle": {
            "version": "2.3.2",
            "resolved": "http://pak.truesoftware.net/@types%2fsizzle/-/sizzle-2.3.2.tgz",
            "integrity": "sha512-7EJYyKTL7tFR8+gDbB6Wwz/arpGa0Mywk1TJbNzKzHtzbwVmY4HR9WqS5VV7dsBUKQmPNr192jHr/VpBluj/hg==",
            "dev": true
        }
    }
}
